
Microsoft Visual Studio Solution File, Format Version 12.00
# Visual Studio Version 17
VisualStudioVersion = 17.11.35327.3
MinimumVisualStudioVersion = 10.0.40219.1
Project("{9A19103F-16F7-4668-BE54-9A1E7A4F7556}") = "AICircleDetector.WPF", "AICircleDetector.WPF\AICircleDetector.WPF.csproj", "{6B67EBA0-BE6A-4459-BA41-7FE495FA03F8}"
EndProject
Project("{9A19103F-16F7-4668-BE54-9A1E7A4F7556}") = "AICircleDetector.AI", "AICircleDetector.AI\AICircleDetector.AI.csproj", "{DEC71F7D-5CC2-4675-A3C4-0CE923A0F67D}"
EndProject
Project("{2150E333-8FDC-42A3-9474-1A3956D46DE8}") = "TensorFlow.NET-master", "TensorFlow.NET-master", "{D18EA66E-ED25-4B8D-89ED-D1D0F4F4F327}"
EndProject
Project("{9A19103F-16F7-4668-BE54-9A1E7A4F7556}") = "Tensorflow.Binding", "TensorFlow.NET-master\src\TensorFlowNET.Core\Tensorflow.Binding.csproj", "{B88838FE-1052-4F98-9500-FC0684D454A7}"
EndProject
Project("{9A19103F-16F7-4668-BE54-9A1E7A4F7556}") = "Tensorflow.Hub", "TensorFlow.NET-master\src\TensorflowNET.Hub\Tensorflow.Hub.csproj", "{7FCB3B74-C5CB-4177-A20E-6B962F676ADF}"
EndProject
Project("{9A19103F-16F7-4668-BE54-9A1E7A4F7556}") = "Tensorflow.Keras", "TensorFlow.NET-master\src\TensorFlowNET.Keras\Tensorflow.Keras.csproj", "{B5D64434-EC00-4343-9BFB-DC748217F1ED}"
EndProject
Project("{9A19103F-16F7-4668-BE54-9A1E7A4F7556}") = "Tensorflow.Recommenders", "TensorFlow.NET-master\src\TensorFlowNET.Recommenders\Tensorflow.Recommenders.csproj", "{38D72880-E8C5-4EFE-B322-80D046425A73}"
EndProject
Project("{9A19103F-16F7-4668-BE54-9A1E7A4F7556}") = "Tensorflow.Text", "TensorFlow.NET-master\src\TensorFlowNET.Text\Tensorflow.Text.csproj", "{354EAFA9-F0FD-404C-BD8E-3EF0B8F9BC96}"
EndProject
Global
	GlobalSection(SolutionConfigurationPlatforms) = preSolution
		Debug|Any CPU = Debug|Any CPU
		Debug|x64 = Debug|x64
		GPU|Any CPU = GPU|Any CPU
		GPU|x64 = GPU|x64
		Release|Any CPU = Release|Any CPU
		Release|x64 = Release|x64
	EndGlobalSection
	GlobalSection(ProjectConfigurationPlatforms) = postSolution
		{6B67EBA0-BE6A-4459-BA41-7FE495FA03F8}.Debug|Any CPU.ActiveCfg = Debug|Any CPU
		{6B67EBA0-BE6A-4459-BA41-7FE495FA03F8}.Debug|Any CPU.Build.0 = Debug|Any CPU
		{6B67EBA0-BE6A-4459-BA41-7FE495FA03F8}.Debug|x64.ActiveCfg = Debug|Any CPU
		{6B67EBA0-BE6A-4459-BA41-7FE495FA03F8}.Debug|x64.Build.0 = Debug|Any CPU
		{6B67EBA0-BE6A-4459-BA41-7FE495FA03F8}.GPU|Any CPU.ActiveCfg = Release|Any CPU
		{6B67EBA0-BE6A-4459-BA41-7FE495FA03F8}.GPU|Any CPU.Build.0 = Release|Any CPU
		{6B67EBA0-BE6A-4459-BA41-7FE495FA03F8}.GPU|x64.ActiveCfg = Release|Any CPU
		{6B67EBA0-BE6A-4459-BA41-7FE495FA03F8}.GPU|x64.Build.0 = Release|Any CPU
		{6B67EBA0-BE6A-4459-BA41-7FE495FA03F8}.Release|Any CPU.ActiveCfg = Release|Any CPU
		{6B67EBA0-BE6A-4459-BA41-7FE495FA03F8}.Release|Any CPU.Build.0 = Release|Any CPU
		{6B67EBA0-BE6A-4459-BA41-7FE495FA03F8}.Release|x64.ActiveCfg = Release|Any CPU
		{6B67EBA0-BE6A-4459-BA41-7FE495FA03F8}.Release|x64.Build.0 = Release|Any CPU
		{DEC71F7D-5CC2-4675-A3C4-0CE923A0F67D}.Debug|Any CPU.ActiveCfg = Debug|Any CPU
		{DEC71F7D-5CC2-4675-A3C4-0CE923A0F67D}.Debug|Any CPU.Build.0 = Debug|Any CPU
		{DEC71F7D-5CC2-4675-A3C4-0CE923A0F67D}.Debug|x64.ActiveCfg = Debug|Any CPU
		{DEC71F7D-5CC2-4675-A3C4-0CE923A0F67D}.Debug|x64.Build.0 = Debug|Any CPU
		{DEC71F7D-5CC2-4675-A3C4-0CE923A0F67D}.GPU|Any CPU.ActiveCfg = Release|Any CPU
		{DEC71F7D-5CC2-4675-A3C4-0CE923A0F67D}.GPU|Any CPU.Build.0 = Release|Any CPU
		{DEC71F7D-5CC2-4675-A3C4-0CE923A0F67D}.GPU|x64.ActiveCfg = Debug|x64
		{DEC71F7D-5CC2-4675-A3C4-0CE923A0F67D}.GPU|x64.Build.0 = Debug|x64
		{DEC71F7D-5CC2-4675-A3C4-0CE923A0F67D}.Release|Any CPU.ActiveCfg = Release|Any CPU
		{DEC71F7D-5CC2-4675-A3C4-0CE923A0F67D}.Release|Any CPU.Build.0 = Release|Any CPU
		{DEC71F7D-5CC2-4675-A3C4-0CE923A0F67D}.Release|x64.ActiveCfg = Release|x64
		{DEC71F7D-5CC2-4675-A3C4-0CE923A0F67D}.Release|x64.Build.0 = Release|x64
		{B88838FE-1052-4F98-9500-FC0684D454A7}.Debug|Any CPU.ActiveCfg = Debug|Any CPU
		{B88838FE-1052-4F98-9500-FC0684D454A7}.Debug|Any CPU.Build.0 = Debug|Any CPU
		{B88838FE-1052-4F98-9500-FC0684D454A7}.Debug|x64.ActiveCfg = Debug|x64
		{B88838FE-1052-4F98-9500-FC0684D454A7}.Debug|x64.Build.0 = Debug|x64
		{B88838FE-1052-4F98-9500-FC0684D454A7}.GPU|Any CPU.ActiveCfg = GPU|Any CPU
		{B88838FE-1052-4F98-9500-FC0684D454A7}.GPU|Any CPU.Build.0 = GPU|Any CPU
		{B88838FE-1052-4F98-9500-FC0684D454A7}.GPU|x64.ActiveCfg = GPU|x64
		{B88838FE-1052-4F98-9500-FC0684D454A7}.GPU|x64.Build.0 = GPU|x64
		{B88838FE-1052-4F98-9500-FC0684D454A7}.Release|Any CPU.ActiveCfg = Release|Any CPU
		{B88838FE-1052-4F98-9500-FC0684D454A7}.Release|Any CPU.Build.0 = Release|Any CPU
		{B88838FE-1052-4F98-9500-FC0684D454A7}.Release|x64.ActiveCfg = Release|x64
		{B88838FE-1052-4F98-9500-FC0684D454A7}.Release|x64.Build.0 = Release|x64
		{7FCB3B74-C5CB-4177-A20E-6B962F676ADF}.Debug|Any CPU.ActiveCfg = Debug|Any CPU
		{7FCB3B74-C5CB-4177-A20E-6B962F676ADF}.Debug|Any CPU.Build.0 = Debug|Any CPU
		{7FCB3B74-C5CB-4177-A20E-6B962F676ADF}.Debug|x64.ActiveCfg = Debug|Any CPU
		{7FCB3B74-C5CB-4177-A20E-6B962F676ADF}.Debug|x64.Build.0 = Debug|Any CPU
		{7FCB3B74-C5CB-4177-A20E-6B962F676ADF}.GPU|Any CPU.ActiveCfg = Debug|Any CPU
		{7FCB3B74-C5CB-4177-A20E-6B962F676ADF}.GPU|Any CPU.Build.0 = Debug|Any CPU
		{7FCB3B74-C5CB-4177-A20E-6B962F676ADF}.GPU|x64.ActiveCfg = Debug|Any CPU
		{7FCB3B74-C5CB-4177-A20E-6B962F676ADF}.GPU|x64.Build.0 = Debug|Any CPU
		{7FCB3B74-C5CB-4177-A20E-6B962F676ADF}.Release|Any CPU.ActiveCfg = Release|Any CPU
		{7FCB3B74-C5CB-4177-A20E-6B962F676ADF}.Release|Any CPU.Build.0 = Release|Any CPU
		{7FCB3B74-C5CB-4177-A20E-6B962F676ADF}.Release|x64.ActiveCfg = Release|Any CPU
		{7FCB3B74-C5CB-4177-A20E-6B962F676ADF}.Release|x64.Build.0 = Release|Any CPU
		{B5D64434-EC00-4343-9BFB-DC748217F1ED}.Debug|Any CPU.ActiveCfg = Debug|Any CPU
		{B5D64434-EC00-4343-9BFB-DC748217F1ED}.Debug|Any CPU.Build.0 = Debug|Any CPU
		{B5D64434-EC00-4343-9BFB-DC748217F1ED}.Debug|x64.ActiveCfg = Debug|x64
		{B5D64434-EC00-4343-9BFB-DC748217F1ED}.Debug|x64.Build.0 = Debug|x64
		{B5D64434-EC00-4343-9BFB-DC748217F1ED}.GPU|Any CPU.ActiveCfg = GPU|Any CPU
		{B5D64434-EC00-4343-9BFB-DC748217F1ED}.GPU|Any CPU.Build.0 = GPU|Any CPU
		{B5D64434-EC00-4343-9BFB-DC748217F1ED}.GPU|x64.ActiveCfg = GPU|x64
		{B5D64434-EC00-4343-9BFB-DC748217F1ED}.GPU|x64.Build.0 = GPU|x64
		{B5D64434-EC00-4343-9BFB-DC748217F1ED}.Release|Any CPU.ActiveCfg = Release|Any CPU
		{B5D64434-EC00-4343-9BFB-DC748217F1ED}.Release|Any CPU.Build.0 = Release|Any CPU
		{B5D64434-EC00-4343-9BFB-DC748217F1ED}.Release|x64.ActiveCfg = Release|x64
		{B5D64434-EC00-4343-9BFB-DC748217F1ED}.Release|x64.Build.0 = Release|x64
		{38D72880-E8C5-4EFE-B322-80D046425A73}.Debug|Any CPU.ActiveCfg = Debug|Any CPU
		{38D72880-E8C5-4EFE-B322-80D046425A73}.Debug|Any CPU.Build.0 = Debug|Any CPU
		{38D72880-E8C5-4EFE-B322-80D046425A73}.Debug|x64.ActiveCfg = Debug|x64
		{38D72880-E8C5-4EFE-B322-80D046425A73}.Debug|x64.Build.0 = Debug|x64
		{38D72880-E8C5-4EFE-B322-80D046425A73}.GPU|Any CPU.ActiveCfg = Debug|Any CPU
		{38D72880-E8C5-4EFE-B322-80D046425A73}.GPU|Any CPU.Build.0 = Debug|Any CPU
		{38D72880-E8C5-4EFE-B322-80D046425A73}.GPU|x64.ActiveCfg = Debug|x64
		{38D72880-E8C5-4EFE-B322-80D046425A73}.GPU|x64.Build.0 = Debug|x64
		{38D72880-E8C5-4EFE-B322-80D046425A73}.Release|Any CPU.ActiveCfg = Release|Any CPU
		{38D72880-E8C5-4EFE-B322-80D046425A73}.Release|Any CPU.Build.0 = Release|Any CPU
		{38D72880-E8C5-4EFE-B322-80D046425A73}.Release|x64.ActiveCfg = Release|x64
		{38D72880-E8C5-4EFE-B322-80D046425A73}.Release|x64.Build.0 = Release|x64
		{354EAFA9-F0FD-404C-BD8E-3EF0B8F9BC96}.Debug|Any CPU.ActiveCfg = Debug|Any CPU
		{354EAFA9-F0FD-404C-BD8E-3EF0B8F9BC96}.Debug|Any CPU.Build.0 = Debug|Any CPU
		{354EAFA9-F0FD-404C-BD8E-3EF0B8F9BC96}.Debug|x64.ActiveCfg = Debug|x64
		{354EAFA9-F0FD-404C-BD8E-3EF0B8F9BC96}.Debug|x64.Build.0 = Debug|x64
		{354EAFA9-F0FD-404C-BD8E-3EF0B8F9BC96}.GPU|Any CPU.ActiveCfg = Debug|Any CPU
		{354EAFA9-F0FD-404C-BD8E-3EF0B8F9BC96}.GPU|Any CPU.Build.0 = Debug|Any CPU
		{354EAFA9-F0FD-404C-BD8E-3EF0B8F9BC96}.GPU|x64.ActiveCfg = Debug|x64
		{354EAFA9-F0FD-404C-BD8E-3EF0B8F9BC96}.GPU|x64.Build.0 = Debug|x64
		{354EAFA9-F0FD-404C-BD8E-3EF0B8F9BC96}.Release|Any CPU.ActiveCfg = Release|Any CPU
		{354EAFA9-F0FD-404C-BD8E-3EF0B8F9BC96}.Release|Any CPU.Build.0 = Release|Any CPU
		{354EAFA9-F0FD-404C-BD8E-3EF0B8F9BC96}.Release|x64.ActiveCfg = Release|x64
		{354EAFA9-F0FD-404C-BD8E-3EF0B8F9BC96}.Release|x64.Build.0 = Release|x64
	EndGlobalSection
	GlobalSection(SolutionProperties) = preSolution
		HideSolutionNode = FALSE
	EndGlobalSection
	GlobalSection(NestedProjects) = preSolution
		{B88838FE-1052-4F98-9500-FC0684D454A7} = {D18EA66E-ED25-4B8D-89ED-D1D0F4F4F327}
		{7FCB3B74-C5CB-4177-A20E-6B962F676ADF} = {D18EA66E-ED25-4B8D-89ED-D1D0F4F4F327}
		{B5D64434-EC00-4343-9BFB-DC748217F1ED} = {D18EA66E-ED25-4B8D-89ED-D1D0F4F4F327}
		{38D72880-E8C5-4EFE-B322-80D046425A73} = {D18EA66E-ED25-4B8D-89ED-D1D0F4F4F327}
		{354EAFA9-F0FD-404C-BD8E-3EF0B8F9BC96} = {D18EA66E-ED25-4B8D-89ED-D1D0F4F4F327}
	EndGlobalSection
	GlobalSection(ExtensibilityGlobals) = postSolution
		SolutionGuid = {26A29223-6823-4E11-879E-F196878E6961}
	EndGlobalSection
EndGlobal
